
Microsoft Visual Studio Solution File, Format Version 12.00
# Visual Studio Version 17
VisualStudioVersion = 17.6.33723.286
MinimumVisualStudioVersion = 10.0.40219.1
Project("{FAE04EC0-301F-11D3-BF4B-00C04F79EFBC}") = "Одуванчик 14", "Одуванчик 14.csproj", "{5E557A3F-5550-471D-84AC-8A6CC2003888}"
EndProject
Global
	GlobalSection(SolutionConfigurationPlatforms) = preSolution
		Debug|Any CPU = Debug|Any CPU
		Release|Any CPU = Release|Any CPU
	EndGlobalSection
	GlobalSection(ProjectConfigurationPlatforms) = postSolution
		{5E557A3F-5550-471D-84AC-8A6CC2003888}.Debug|Any CPU.ActiveCfg = Debug|Any CPU
		{5E557A3F-5550-471D-84AC-8A6CC2003888}.Debug|Any CPU.Build.0 = Debug|Any CPU
		{5E557A3F-5550-471D-84AC-8A6CC2003888}.Release|Any CPU.ActiveCfg = Release|Any CPU
		{5E557A3F-5550-471D-84AC-8A6CC2003888}.Release|Any CPU.Build.0 = Release|Any CPU
	EndGlobalSection
	GlobalSection(SolutionProperties) = preSolution
		HideSolutionNode = FALSE
	EndGlobalSection
	GlobalSection(ExtensibilityGlobals) = postSolution
		SolutionGuid = {2FAC58D9-DA45-4AF8-B9F1-127281DB0487}
	EndGlobalSection
EndGlobal
